
Microsoft Visual Studio Solution File, Format Version 12.00
# Visual Studio Version 17
VisualStudioVersion = 17.4.33403.182
MinimumVisualStudioVersion = 10.0.40219.1
Project("{FAE04EC0-301F-11D3-BF4B-00C04F79EFBC}") = "ex41", "ex41\ex41.csproj", "{CD53D30E-E52A-4011-B96E-614DB1C0D275}"
EndProject
Global
	GlobalSection(SolutionConfigurationPlatforms) = preSolution
		Debug|Any CPU = Debug|Any CPU
		Release|Any CPU = Release|Any CPU
	EndGlobalSection
	GlobalSection(ProjectConfigurationPlatforms) = postSolution
		{CD53D30E-E52A-4011-B96E-614DB1C0D275}.Debug|Any CPU.ActiveCfg = Debug|Any CPU
		{CD53D30E-E52A-4011-B96E-614DB1C0D275}.Debug|Any CPU.Build.0 = Debug|Any CPU
		{CD53D30E-E52A-4011-B96E-614DB1C0D275}.Release|Any CPU.ActiveCfg = Release|Any CPU
		{CD53D30E-E52A-4011-B96E-614DB1C0D275}.Release|Any CPU.Build.0 = Release|Any CPU
	EndGlobalSection
	GlobalSection(SolutionProperties) = preSolution
		HideSolutionNode = FALSE
	EndGlobalSection
	GlobalSection(ExtensibilityGlobals) = postSolution
		SolutionGuid = {4FB3B4C1-18F6-457D-B08A-4AA8DE762533}
	EndGlobalSection
EndGlobal
